// !$*UTF8*$!
{
	archiveVersion = 1;
	classes = {
	};
	objectVersion = 63;
	objects = {

/* Begin PBXBuildFile section */
		FA0055FF796C86B767E38F97 /* WashModel.swift in Sources */ = {isa = PBXBuildFile; fileRef = 1BFE9CF96B7D408919F585DE /* WashModel.swift */; };
		7BBC475313E3F3CD1DE92A28 /* WashScene.swift in Sources */ = {isa = PBXBuildFile; fileRef = 67ECA913A658D580B7217CD4 /* WashScene.swift */; };
		6A1CCAA26CBE11CF9CF564FB /* FeedCatalog.json in Resources */ = {isa = PBXBuildFile; fileRef = 50F741D0BBF7B3579304E01D /* FeedCatalog.json */; };
		00972C35E5AE9D6074628727 /* ClayBlockNode.swift in Sources */ = {isa = PBXBuildFile; fileRef = 64FDEAAF7AC93380BF514916 /* ClayBlockNode.swift */; };
		03A012C22EAF5D97FF8B5EB5 /* DraggableNode.swift in Sources */ = {isa = PBXBuildFile; fileRef = AF5BB6BAAAC8DE8EBD829BB0 /* DraggableNode.swift */; };
		0933BE57DC40AE3930FF3FAE /* SoftDropPieceNode.swift in Sources */ = {isa = PBXBuildFile; fileRef = C33CD378C3D483B2D0F22479 /* SoftDropPieceNode.swift */; };
		09AFF784A5179B8715A2B667 /* GlowboardScene.swift in Sources */ = {isa = PBXBuildFile; fileRef = B0A7EBFEF381D0A2D9AC0552 /* GlowboardScene.swift */; };
		0A42F7EA587E5579679F503A /* WarmShelfMotion.swift in Sources */ = {isa = PBXBuildFile; fileRef = 5C1F6E254A82D55F930BAC59 /* WarmShelfMotion.swift */; };
		0C785FA5C83000D952E9092D /* LullOnboardingViewController.swift in Sources */ = {isa = PBXBuildFile; fileRef = 14EB7FCCA1777AA59B3D68FE /* LullOnboardingViewController.swift */; };
		1961BD82991D29A1E49F506E /* HapticsManager.swift in Sources */ = {isa = PBXBuildFile; fileRef = 431D5AE16C6A4BBB92F35312 /* HapticsManager.swift */; };
		1C53377DE376CDFF0A5ADF57 /* ForgivingHitArea.swift in Sources */ = {isa = PBXBuildFile; fileRef = 2F71C44E16966954BEFEA6D1 /* ForgivingHitArea.swift */; };
		24A741C91D4A1BFC4E959604 /* BloomScene.swift in Sources */ = {isa = PBXBuildFile; fileRef = 5EB8DB3AFBD60AD03FC6500B /* BloomScene.swift */; };
		2AF346BFB4E7AA1E8E592363 /* AdultGate.swift in Sources */ = {isa = PBXBuildFile; fileRef = 9328D34742023F0A69BA1ADC /* AdultGate.swift */; };
		303AF16125D618559F145E3F /* WarmShelfLaunchScene.swift in Sources */ = {isa = PBXBuildFile; fileRef = 75335176A3A64BD46A567B5E /* WarmShelfLaunchScene.swift */; };
		3171CB5125339BE39F71C019 /* CharacterNode.swift in Sources */ = {isa = PBXBuildFile; fileRef = 3045027AA8CD923441EEBE17 /* CharacterNode.swift */; };
		327DCF555326E4240A6BA6F6 /* onboarding-ref-1.png in Resources */ = {isa = PBXBuildFile; fileRef = 7806BFFC285047AC306F9C25 /* onboarding-ref-1.png */; };
		34D09337476CEE624C25E7CF /* ToyShelfViewController.swift in Sources */ = {isa = PBXBuildFile; fileRef = 04CAF64EE4E752F6FA9D085A /* ToyShelfViewController.swift */; };
		422F5B6DC0D7773FAF66C9D7 /* DoughScene.swift in Sources */ = {isa = PBXBuildFile; fileRef = D8ACA8F22A671CF32F5F02FF /* DoughScene.swift */; };
		428C0F20A669DC3CD4536C1F /* ToyRegistry.swift in Sources */ = {isa = PBXBuildFile; fileRef = A16110DF044505C1DDFBAEEB /* ToyRegistry.swift */; };
		4678222AD3993CA4F37C4E41 /* LullToneEngine.swift in Sources */ = {isa = PBXBuildFile; fileRef = 617829023D34A290A22A62B7 /* LullToneEngine.swift */; };
		49C4352487D4B266BEA5B9C4 /* MixUpPart.swift in Sources */ = {isa = PBXBuildFile; fileRef = 98AA7D8DE6EECD0A7CB3FA49 /* MixUpPart.swift */; };
		4BEAE1C47BF1473C56A86B80 /* ToyPhysicsProfile.swift in Sources */ = {isa = PBXBuildFile; fileRef = B204A3EEEA4F5CB25A3C9F10 /* ToyPhysicsProfile.swift */; };
		4C07D30EF12F5829566C0398 /* ToyShelfScene.swift in Sources */ = {isa = PBXBuildFile; fileRef = 9747857BD889A6B1FB336A39 /* ToyShelfScene.swift */; };
		4D94A537CFA9436A5C9B9D80 /* ToyZoomTransition.swift in Sources */ = {isa = PBXBuildFile; fileRef = 85F2964C81605A4B7C7B41F3 /* ToyZoomTransition.swift */; };
		4F89A2A6AB13BAE92083C119 /* FeedScene.swift in Sources */ = {isa = PBXBuildFile; fileRef = 4DB313EB22B5D970E45A3A4B /* FeedScene.swift */; };
		5360966858FBC7913958DD7A /* ClayBlockKind.swift in Sources */ = {isa = PBXBuildFile; fileRef = 0B885BA05D5AB12FC2C0E7CD /* ClayBlockKind.swift */; };
		574673DC3DBD28E1B943F94C /* LullHostNode.swift in Sources */ = {isa = PBXBuildFile; fileRef = 2469EFC1D2D724DFC01408AB /* LullHostNode.swift */; };
		5759052D2903F70429242F15 /* FoodNode.swift in Sources */ = {isa = PBXBuildFile; fileRef = C24A6A4428FC60119104FBA6 /* FoodNode.swift */; };
		5D7D861C26925AF67F4CEC37 /* MixUpScene.swift in Sources */ = {isa = PBXBuildFile; fileRef = 54ED0D9D206B41E209DCE6E3 /* MixUpScene.swift */; };
		5F6F44A1FE36E5BD6BCFB103 /* GlowWorldNode.swift in Sources */ = {isa = PBXBuildFile; fileRef = 58FDF3AD6F6B673444C259D9 /* GlowWorldNode.swift */; };
		5F7DEE32C1027ABE34701A89 /* BubbleNode.swift in Sources */ = {isa = PBXBuildFile; fileRef = D2558131B010F9FB245280CF /* BubbleNode.swift */; };
		6980624525862317406EA3AA /* HumObjectNode.swift in Sources */ = {isa = PBXBuildFile; fileRef = 99145E26E71C572A294BA3D0 /* HumObjectNode.swift */; };
		69B041723E052738B7107957 /* AppDelegate.swift in Sources */ = {isa = PBXBuildFile; fileRef = EF0E10435AAAEE7F271154A0 /* AppDelegate.swift */; };
		71C86247732047506F2BA83D /* onboarding-ref-2.png in Resources */ = {isa = PBXBuildFile; fileRef = 1298E617A8F19BE3959DAB15 /* onboarding-ref-2.png */; };
		7ADEF8E4AA6DC177A8928FB9 /* SoftDropScene.swift in Sources */ = {isa = PBXBuildFile; fileRef = 5B0EB29D1942D4D0A48FDD19 /* SoftDropScene.swift */; };
		7CB75205BE528CDAD6154530 /* HumScene.swift in Sources */ = {isa = PBXBuildFile; fileRef = 169863754DAE241962DEEAF5 /* HumScene.swift */; };
		800C218A40A0A36DEB58BADA /* LaunchScreen.storyboard in Resources */ = {isa = PBXBuildFile; fileRef = 1EF42A559F32446CFF077442 /* LaunchScreen.storyboard */; };
		807427E03AD2976FCC42200A /* GlowboardControls.swift in Sources */ = {isa = PBXBuildFile; fileRef = BAEE22F981E4ABA34E22581B /* GlowboardControls.swift */; };
		82F4E4E60ADD9D6D64C48059 /* PrivacyInfo.xcprivacy in Resources */ = {isa = PBXBuildFile; fileRef = EED052E13695FBCAE189BC67 /* PrivacyInfo.xcprivacy */; };
		83AE56346BF7F7398F3AEF45 /* StackScene.swift in Sources */ = {isa = PBXBuildFile; fileRef = F7753DDA6167C450EA936373 /* StackScene.swift */; };
		85764661B10DAB51FD4F9025 /* BaseToyScene.swift in Sources */ = {isa = PBXBuildFile; fileRef = E5ADCDAE2787F8BE141B6AB9 /* BaseToyScene.swift */; };
		8784FAF04145A7E42F32617C /* DropDotsScene.swift in Sources */ = {isa = PBXBuildFile; fileRef = F2B942D594A2F160FF3006FE /* DropDotsScene.swift */; };
		8A4598CBA73CFB5D0486DB1C /* CuteKit.swift in Sources */ = {isa = PBXBuildFile; fileRef = 6761014B599297F2EDD817B5 /* CuteKit.swift */; };
		8AE70E5952DDC3BDCF9254B7 /* LullHostMarkView.swift in Sources */ = {isa = PBXBuildFile; fileRef = 5A832146C28E5985E8A239B9 /* LullHostMarkView.swift */; };
		91D4D2FFFA0740738EE6BDA7 /* PaywallPreviewStrip.swift in Sources */ = {isa = PBXBuildFile; fileRef = C70EECF5B1FC4E4A65A4BCBF /* PaywallPreviewStrip.swift */; };
		934E465E38E9C4AAAA97F4CB /* StackPieceNode.swift in Sources */ = {isa = PBXBuildFile; fileRef = 1B8E2DE4231F0D41CA063FF5 /* StackPieceNode.swift */; };
		99FDE45F32DFD66AE0E14542 /* BloomFeatureNode.swift in Sources */ = {isa = PBXBuildFile; fileRef = E63430DA003EBF43FF63E00D /* BloomFeatureNode.swift */; };
		9B15140DF38629414BE61399 /* LeafNode.swift in Sources */ = {isa = PBXBuildFile; fileRef = A4AB698868AD4148491DFF1E /* LeafNode.swift */; };
		9C70FDC91C49102BD0AA1532 /* PhysicsCategory.swift in Sources */ = {isa = PBXBuildFile; fileRef = 08ED9C47AB7832615DC9085E /* PhysicsCategory.swift */; };
		9F039D53698B2DB622C4177A /* BloomNode.swift in Sources */ = {isa = PBXBuildFile; fileRef = 2C2295D41B7453EB7F0414DD /* BloomNode.swift */; };
		A55C4A63C37B7BBE80B5AD3B /* CurrentScene.swift in Sources */ = {isa = PBXBuildFile; fileRef = ED656E1B4869965DBCEAD72D /* CurrentScene.swift */; };
		B968696957133B35C32F6ADB /* ToyViewController.swift in Sources */ = {isa = PBXBuildFile; fileRef = 46D3F3EF044ABAE3426CF608 /* ToyViewController.swift */; };
		BA5CBD09B44FCB5020242C90 /* ParentInfoViewController.swift in Sources */ = {isa = PBXBuildFile; fileRef = B8D37056C1EF3D8C559538D6 /* ParentInfoViewController.swift */; };
		BAA958B1BF33421EC14F2CE4 /* LullDemoState.swift in Sources */ = {isa = PBXBuildFile; fileRef = 812D3226B3D2D6353C5A7850 /* LullDemoState.swift */; };
		BB70819889D2EE3E9FEC21AE /* WarmShelfPalette.swift in Sources */ = {isa = PBXBuildFile; fileRef = B5BD00B8E6CF6ED8DAAABE44 /* WarmShelfPalette.swift */; };
		BC224731F5BBCF8A27D96111 /* Assets.xcassets in Resources */ = {isa = PBXBuildFile; fileRef = 140B2A30EC27BA16FCFA5DBE /* Assets.xcassets */; };
		C0B9F7B74E31CBC99DA0FD89 /* GardenCritterNode.swift in Sources */ = {isa = PBXBuildFile; fileRef = 525E0AB85D2F0F6409B74B29 /* GardenCritterNode.swift */; };
		C11940A90829F33E2652A975 /* SceneDelegate.swift in Sources */ = {isa = PBXBuildFile; fileRef = 7ACC958DCE130C702EE8BB4A /* SceneDelegate.swift */; };
		C3B887A9D4B5611B4F0B78F5 /* BubbleScene.swift in Sources */ = {isa = PBXBuildFile; fileRef = 9B2DC2B914AF82DF0B7DCBF3 /* BubbleScene.swift */; };
		C487B5034E672D12B597B4A9 /* TouchFeedbackAnimator.swift in Sources */ = {isa = PBXBuildFile; fileRef = 3B8083BD98CD19819D789FEA /* TouchFeedbackAnimator.swift */; };
		CA2384C37C2531DECC231823 /* GlowWindowScene.swift in Sources */ = {isa = PBXBuildFile; fileRef = B84313450038A044EE4AC947 /* GlowWindowScene.swift */; };
		D3D6236EF9394FF6F65DFFB2 /* onboarding-ref-3.png in Resources */ = {isa = PBXBuildFile; fileRef = 2AC69F3695C006BA94C7DB5A /* onboarding-ref-3.png */; };
		D61B2174011152786A8516B6 /* MeadowScene.swift in Sources */ = {isa = PBXBuildFile; fileRef = A69D78C33FF7AEE923D4E1F8 /* MeadowScene.swift */; };
		DA67FA01F576EED2739CEF62 /* DropBoxPieces.swift in Sources */ = {isa = PBXBuildFile; fileRef = 259A5590D7198AF6CD9B0CEC /* DropBoxPieces.swift */; };
		DB5469DC55E67BA088969BB7 /* BubbleStyle.swift in Sources */ = {isa = PBXBuildFile; fileRef = 2A4506864CDD2A99A83009B3 /* BubbleStyle.swift */; };
		DD1F512DA1D842273FA812E6 /* TimeOfDay.swift in Sources */ = {isa = PBXBuildFile; fileRef = 65FBB4E87AE44182463AC1FB /* TimeOfDay.swift */; };
		DE108869353BD634CF8E0C61 /* WaterCreatureNode.swift in Sources */ = {isa = PBXBuildFile; fileRef = 109432A1DD35C753236AFA68 /* WaterCreatureNode.swift */; };
		EAD07BAFB5085D7C9EE6D69F /* ParticleManager.swift in Sources */ = {isa = PBXBuildFile; fileRef = AE66EEDCB1991BC20642D778 /* ParticleManager.swift */; };
		ECEA370784DAF98475A9DA55 /* ProceduralTexture.swift in Sources */ = {isa = PBXBuildFile; fileRef = 53AC91E6813527B6F6460C5F /* ProceduralTexture.swift */; };
		EF915C9FD236C700BDDFC298 /* ClayBlockScene.swift in Sources */ = {isa = PBXBuildFile; fileRef = 2BD0526FF1D0F76D25F018D7 /* ClayBlockScene.swift */; };
		F18470B952A91C36F3606D3C /* HapticScore.swift in Sources */ = {isa = PBXBuildFile; fileRef = BAA290C18E2AB579F8B323DA /* HapticScore.swift */; };
		F40C786FACCC43A34FE4CF26 /* BloomBiome.swift in Sources */ = {isa = PBXBuildFile; fileRef = C2C12CF3034744738739414E /* BloomBiome.swift */; };
		F63198BBC916269C96ACD48F /* AmbientAnimator.swift in Sources */ = {isa = PBXBuildFile; fileRef = 825A8120071E7DF7C2919353 /* AmbientAnimator.swift */; };
		F6B25CE4AA7DB14C9EA09BF8 /* AudioManager.swift in Sources */ = {isa = PBXBuildFile; fileRef = 4B74FDD070EBB63916565E6F /* AudioManager.swift */; };
		F7301A400BB95CE7F0C55CD8 /* SleepyDropBoxScene.swift in Sources */ = {isa = PBXBuildFile; fileRef = 71007717634DFC15F919643D /* SleepyDropBoxScene.swift */; };
		FAA16EFC07FAA05D95886AE1 /* HostPreviewScene.swift in Sources */ = {isa = PBXBuildFile; fileRef = 93C5DAC08D377211FE13A999 /* HostPreviewScene.swift */; };
/* End PBXBuildFile section */

/* Begin PBXFileReference section */
		1BFE9CF96B7D408919F585DE /* WashModel.swift */ = {isa = PBXFileReference; lastKnownFileType = sourcecode.swift; path = WashModel.swift; sourceTree = "<group>"; };
		67ECA913A658D580B7217CD4 /* WashScene.swift */ = {isa = PBXFileReference; lastKnownFileType = sourcecode.swift; path = WashScene.swift; sourceTree = "<group>"; };
		50F741D0BBF7B3579304E01D /* FeedCatalog.json */ = {isa = PBXFileReference; lastKnownFileType = text.json; path = FeedCatalog.json; sourceTree = "<group>"; };
		04CAF64EE4E752F6FA9D085A /* ToyShelfViewController.swift */ = {isa = PBXFileReference; lastKnownFileType = sourcecode.swift; path = ToyShelfViewController.swift; sourceTree = "<group>"; };
		08ED9C47AB7832615DC9085E /* PhysicsCategory.swift */ = {isa = PBXFileReference; lastKnownFileType = sourcecode.swift; path = PhysicsCategory.swift; sourceTree = "<group>"; };
		0B885BA05D5AB12FC2C0E7CD /* ClayBlockKind.swift */ = {isa = PBXFileReference; lastKnownFileType = sourcecode.swift; path = ClayBlockKind.swift; sourceTree = "<group>"; };
		109432A1DD35C753236AFA68 /* WaterCreatureNode.swift */ = {isa = PBXFileReference; lastKnownFileType = sourcecode.swift; path = WaterCreatureNode.swift; sourceTree = "<group>"; };
		1298E617A8F19BE3959DAB15 /* onboarding-ref-2.png */ = {isa = PBXFileReference; lastKnownFileType = image.png; path = "onboarding-ref-2.png"; sourceTree = "<group>"; };
		140B2A30EC27BA16FCFA5DBE /* Assets.xcassets */ = {isa = PBXFileReference; lastKnownFileType = folder.assetcatalog; path = Assets.xcassets; sourceTree = "<group>"; };
		14EB7FCCA1777AA59B3D68FE /* LullOnboardingViewController.swift */ = {isa = PBXFileReference; lastKnownFileType = sourcecode.swift; path = LullOnboardingViewController.swift; sourceTree = "<group>"; };
		169863754DAE241962DEEAF5 /* HumScene.swift */ = {isa = PBXFileReference; lastKnownFileType = sourcecode.swift; path = HumScene.swift; sourceTree = "<group>"; };
		1B8E2DE4231F0D41CA063FF5 /* StackPieceNode.swift */ = {isa = PBXFileReference; lastKnownFileType = sourcecode.swift; path = StackPieceNode.swift; sourceTree = "<group>"; };
		1EF42A559F32446CFF077442 /* LaunchScreen.storyboard */ = {isa = PBXFileReference; lastKnownFileType = file.storyboard; path = LaunchScreen.storyboard; sourceTree = "<group>"; };
		2469EFC1D2D724DFC01408AB /* LullHostNode.swift */ = {isa = PBXFileReference; lastKnownFileType = sourcecode.swift; path = LullHostNode.swift; sourceTree = "<group>"; };
		259A5590D7198AF6CD9B0CEC /* DropBoxPieces.swift */ = {isa = PBXFileReference; lastKnownFileType = sourcecode.swift; path = DropBoxPieces.swift; sourceTree = "<group>"; };
		2A4506864CDD2A99A83009B3 /* BubbleStyle.swift */ = {isa = PBXFileReference; lastKnownFileType = sourcecode.swift; path = BubbleStyle.swift; sourceTree = "<group>"; };
		2AC69F3695C006BA94C7DB5A /* onboarding-ref-3.png */ = {isa = PBXFileReference; lastKnownFileType = image.png; path = "onboarding-ref-3.png"; sourceTree = "<group>"; };
		2BD0526FF1D0F76D25F018D7 /* ClayBlockScene.swift */ = {isa = PBXFileReference; lastKnownFileType = sourcecode.swift; path = ClayBlockScene.swift; sourceTree = "<group>"; };
		2C2295D41B7453EB7F0414DD /* BloomNode.swift */ = {isa = PBXFileReference; lastKnownFileType = sourcecode.swift; path = BloomNode.swift; sourceTree = "<group>"; };
		2F71C44E16966954BEFEA6D1 /* ForgivingHitArea.swift */ = {isa = PBXFileReference; lastKnownFileType = sourcecode.swift; path = ForgivingHitArea.swift; sourceTree = "<group>"; };
		3045027AA8CD923441EEBE17 /* CharacterNode.swift */ = {isa = PBXFileReference; lastKnownFileType = sourcecode.swift; path = CharacterNode.swift; sourceTree = "<group>"; };
		3B8083BD98CD19819D789FEA /* TouchFeedbackAnimator.swift */ = {isa = PBXFileReference; lastKnownFileType = sourcecode.swift; path = TouchFeedbackAnimator.swift; sourceTree = "<group>"; };
		431D5AE16C6A4BBB92F35312 /* HapticsManager.swift */ = {isa = PBXFileReference; lastKnownFileType = sourcecode.swift; path = HapticsManager.swift; sourceTree = "<group>"; };
		46D3F3EF044ABAE3426CF608 /* ToyViewController.swift */ = {isa = PBXFileReference; lastKnownFileType = sourcecode.swift; path = ToyViewController.swift; sourceTree = "<group>"; };
		4B74FDD070EBB63916565E6F /* AudioManager.swift */ = {isa = PBXFileReference; lastKnownFileType = sourcecode.swift; path = AudioManager.swift; sourceTree = "<group>"; };
		4DB313EB22B5D970E45A3A4B /* FeedScene.swift */ = {isa = PBXFileReference; lastKnownFileType = sourcecode.swift; path = FeedScene.swift; sourceTree = "<group>"; };
		525E0AB85D2F0F6409B74B29 /* GardenCritterNode.swift */ = {isa = PBXFileReference; lastKnownFileType = sourcecode.swift; path = GardenCritterNode.swift; sourceTree = "<group>"; };
		53AC91E6813527B6F6460C5F /* ProceduralTexture.swift */ = {isa = PBXFileReference; lastKnownFileType = sourcecode.swift; path = ProceduralTexture.swift; sourceTree = "<group>"; };
		54ED0D9D206B41E209DCE6E3 /* MixUpScene.swift */ = {isa = PBXFileReference; lastKnownFileType = sourcecode.swift; path = MixUpScene.swift; sourceTree = "<group>"; };
		58FDF3AD6F6B673444C259D9 /* GlowWorldNode.swift */ = {isa = PBXFileReference; lastKnownFileType = sourcecode.swift; path = GlowWorldNode.swift; sourceTree = "<group>"; };
		5A832146C28E5985E8A239B9 /* LullHostMarkView.swift */ = {isa = PBXFileReference; lastKnownFileType = sourcecode.swift; path = LullHostMarkView.swift; sourceTree = "<group>"; };
		5B0EB29D1942D4D0A48FDD19 /* SoftDropScene.swift */ = {isa = PBXFileReference; lastKnownFileType = sourcecode.swift; path = SoftDropScene.swift; sourceTree = "<group>"; };
		5C1F6E254A82D55F930BAC59 /* WarmShelfMotion.swift */ = {isa = PBXFileReference; lastKnownFileType = sourcecode.swift; path = WarmShelfMotion.swift; sourceTree = "<group>"; };
		5EB8DB3AFBD60AD03FC6500B /* BloomScene.swift */ = {isa = PBXFileReference; lastKnownFileType = sourcecode.swift; path = BloomScene.swift; sourceTree = "<group>"; };
		617829023D34A290A22A62B7 /* LullToneEngine.swift */ = {isa = PBXFileReference; lastKnownFileType = sourcecode.swift; path = LullToneEngine.swift; sourceTree = "<group>"; };
		64FDEAAF7AC93380BF514916 /* ClayBlockNode.swift */ = {isa = PBXFileReference; lastKnownFileType = sourcecode.swift; path = ClayBlockNode.swift; sourceTree = "<group>"; };
		65FBB4E87AE44182463AC1FB /* TimeOfDay.swift */ = {isa = PBXFileReference; lastKnownFileType = sourcecode.swift; path = TimeOfDay.swift; sourceTree = "<group>"; };
		6761014B599297F2EDD817B5 /* CuteKit.swift */ = {isa = PBXFileReference; lastKnownFileType = sourcecode.swift; path = CuteKit.swift; sourceTree = "<group>"; };
		6F40249E393C00D6191A73D1 /* Lull.app */ = {isa = PBXFileReference; explicitFileType = wrapper.application; includeInIndex = 0; path = Lull.app; sourceTree = BUILT_PRODUCTS_DIR; };
		71007717634DFC15F919643D /* SleepyDropBoxScene.swift */ = {isa = PBXFileReference; lastKnownFileType = sourcecode.swift; path = SleepyDropBoxScene.swift; sourceTree = "<group>"; };
		71749BB9FBD9870D0461B640 /* Info.plist */ = {isa = PBXFileReference; lastKnownFileType = text.plist; path = Info.plist; sourceTree = "<group>"; };
		75335176A3A64BD46A567B5E /* WarmShelfLaunchScene.swift */ = {isa = PBXFileReference; lastKnownFileType = sourcecode.swift; path = WarmShelfLaunchScene.swift; sourceTree = "<group>"; };
		7806BFFC285047AC306F9C25 /* onboarding-ref-1.png */ = {isa = PBXFileReference; lastKnownFileType = image.png; path = "onboarding-ref-1.png"; sourceTree = "<group>"; };
		7ACC958DCE130C702EE8BB4A /* SceneDelegate.swift */ = {isa = PBXFileReference; lastKnownFileType = sourcecode.swift; path = SceneDelegate.swift; sourceTree = "<group>"; };
		812D3226B3D2D6353C5A7850 /* LullDemoState.swift */ = {isa = PBXFileReference; lastKnownFileType = sourcecode.swift; path = LullDemoState.swift; sourceTree = "<group>"; };
		825A8120071E7DF7C2919353 /* AmbientAnimator.swift */ = {isa = PBXFileReference; lastKnownFileType = sourcecode.swift; path = AmbientAnimator.swift; sourceTree = "<group>"; };
		85F2964C81605A4B7C7B41F3 /* ToyZoomTransition.swift */ = {isa = PBXFileReference; lastKnownFileType = sourcecode.swift; path = ToyZoomTransition.swift; sourceTree = "<group>"; };
		9328D34742023F0A69BA1ADC /* AdultGate.swift */ = {isa = PBXFileReference; lastKnownFileType = sourcecode.swift; path = AdultGate.swift; sourceTree = "<group>"; };
		93C5DAC08D377211FE13A999 /* HostPreviewScene.swift */ = {isa = PBXFileReference; lastKnownFileType = sourcecode.swift; path = HostPreviewScene.swift; sourceTree = "<group>"; };
		9747857BD889A6B1FB336A39 /* ToyShelfScene.swift */ = {isa = PBXFileReference; lastKnownFileType = sourcecode.swift; path = ToyShelfScene.swift; sourceTree = "<group>"; };
		98AA7D8DE6EECD0A7CB3FA49 /* MixUpPart.swift */ = {isa = PBXFileReference; lastKnownFileType = sourcecode.swift; path = MixUpPart.swift; sourceTree = "<group>"; };
		99145E26E71C572A294BA3D0 /* HumObjectNode.swift */ = {isa = PBXFileReference; lastKnownFileType = sourcecode.swift; path = HumObjectNode.swift; sourceTree = "<group>"; };
		9B2DC2B914AF82DF0B7DCBF3 /* BubbleScene.swift */ = {isa = PBXFileReference; lastKnownFileType = sourcecode.swift; path = BubbleScene.swift; sourceTree = "<group>"; };
		A16110DF044505C1DDFBAEEB /* ToyRegistry.swift */ = {isa = PBXFileReference; lastKnownFileType = sourcecode.swift; path = ToyRegistry.swift; sourceTree = "<group>"; };
		A4AB698868AD4148491DFF1E /* LeafNode.swift */ = {isa = PBXFileReference; lastKnownFileType = sourcecode.swift; path = LeafNode.swift; sourceTree = "<group>"; };
		A69D78C33FF7AEE923D4E1F8 /* MeadowScene.swift */ = {isa = PBXFileReference; lastKnownFileType = sourcecode.swift; path = MeadowScene.swift; sourceTree = "<group>"; };
		AE66EEDCB1991BC20642D778 /* ParticleManager.swift */ = {isa = PBXFileReference; lastKnownFileType = sourcecode.swift; path = ParticleManager.swift; sourceTree = "<group>"; };
		AF5BB6BAAAC8DE8EBD829BB0 /* DraggableNode.swift */ = {isa = PBXFileReference; lastKnownFileType = sourcecode.swift; path = DraggableNode.swift; sourceTree = "<group>"; };
		B0A7EBFEF381D0A2D9AC0552 /* GlowboardScene.swift */ = {isa = PBXFileReference; lastKnownFileType = sourcecode.swift; path = GlowboardScene.swift; sourceTree = "<group>"; };
		B204A3EEEA4F5CB25A3C9F10 /* ToyPhysicsProfile.swift */ = {isa = PBXFileReference; lastKnownFileType = sourcecode.swift; path = ToyPhysicsProfile.swift; sourceTree = "<group>"; };
		B5BD00B8E6CF6ED8DAAABE44 /* WarmShelfPalette.swift */ = {isa = PBXFileReference; lastKnownFileType = sourcecode.swift; path = WarmShelfPalette.swift; sourceTree = "<group>"; };
		B84313450038A044EE4AC947 /* GlowWindowScene.swift */ = {isa = PBXFileReference; lastKnownFileType = sourcecode.swift; path = GlowWindowScene.swift; sourceTree = "<group>"; };
		B8D37056C1EF3D8C559538D6 /* ParentInfoViewController.swift */ = {isa = PBXFileReference; lastKnownFileType = sourcecode.swift; path = ParentInfoViewController.swift; sourceTree = "<group>"; };
		BAA290C18E2AB579F8B323DA /* HapticScore.swift */ = {isa = PBXFileReference; lastKnownFileType = sourcecode.swift; path = HapticScore.swift; sourceTree = "<group>"; };
		BAEE22F981E4ABA34E22581B /* GlowboardControls.swift */ = {isa = PBXFileReference; lastKnownFileType = sourcecode.swift; path = GlowboardControls.swift; sourceTree = "<group>"; };
		C24A6A4428FC60119104FBA6 /* FoodNode.swift */ = {isa = PBXFileReference; lastKnownFileType = sourcecode.swift; path = FoodNode.swift; sourceTree = "<group>"; };
		C2C12CF3034744738739414E /* BloomBiome.swift */ = {isa = PBXFileReference; lastKnownFileType = sourcecode.swift; path = BloomBiome.swift; sourceTree = "<group>"; };
		C33CD378C3D483B2D0F22479 /* SoftDropPieceNode.swift */ = {isa = PBXFileReference; lastKnownFileType = sourcecode.swift; path = SoftDropPieceNode.swift; sourceTree = "<group>"; };
		C70EECF5B1FC4E4A65A4BCBF /* PaywallPreviewStrip.swift */ = {isa = PBXFileReference; lastKnownFileType = sourcecode.swift; path = PaywallPreviewStrip.swift; sourceTree = "<group>"; };
		D2558131B010F9FB245280CF /* BubbleNode.swift */ = {isa = PBXFileReference; lastKnownFileType = sourcecode.swift; path = BubbleNode.swift; sourceTree = "<group>"; };
		D8ACA8F22A671CF32F5F02FF /* DoughScene.swift */ = {isa = PBXFileReference; lastKnownFileType = sourcecode.swift; path = DoughScene.swift; sourceTree = "<group>"; };
		E5ADCDAE2787F8BE141B6AB9 /* BaseToyScene.swift */ = {isa = PBXFileReference; lastKnownFileType = sourcecode.swift; path = BaseToyScene.swift; sourceTree = "<group>"; };
		E63430DA003EBF43FF63E00D /* BloomFeatureNode.swift */ = {isa = PBXFileReference; lastKnownFileType = sourcecode.swift; path = BloomFeatureNode.swift; sourceTree = "<group>"; };
		ED656E1B4869965DBCEAD72D /* CurrentScene.swift */ = {isa = PBXFileReference; lastKnownFileType = sourcecode.swift; path = CurrentScene.swift; sourceTree = "<group>"; };
		EED052E13695FBCAE189BC67 /* PrivacyInfo.xcprivacy */ = {isa = PBXFileReference; lastKnownFileType = text.xml; path = PrivacyInfo.xcprivacy; sourceTree = "<group>"; };
		EF0E10435AAAEE7F271154A0 /* AppDelegate.swift */ = {isa = PBXFileReference; lastKnownFileType = sourcecode.swift; path = AppDelegate.swift; sourceTree = "<group>"; };
		F2B942D594A2F160FF3006FE /* DropDotsScene.swift */ = {isa = PBXFileReference; lastKnownFileType = sourcecode.swift; path = DropDotsScene.swift; sourceTree = "<group>"; };
		F7753DDA6167C450EA936373 /* StackScene.swift */ = {isa = PBXFileReference; lastKnownFileType = sourcecode.swift; path = StackScene.swift; sourceTree = "<group>"; };
/* End PBXFileReference section */

/* Begin PBXGroup section */
		D2C7F998CD49E3D2FF180D34 /* Wash */ = {
			isa = PBXGroup;
			children = (
				1BFE9CF96B7D408919F585DE /* WashModel.swift */,
				67ECA913A658D580B7217CD4 /* WashScene.swift */,
			);
			path = Wash;
			sourceTree = "<group>";
		};
		006B0451C6D2D6DBAEF795F0 /* Glowboard */ = {
			isa = PBXGroup;
			children = (
				BAEE22F981E4ABA34E22581B /* GlowboardControls.swift */,
				B0A7EBFEF381D0A2D9AC0552 /* GlowboardScene.swift */,
				58FDF3AD6F6B673444C259D9 /* GlowWorldNode.swift */,
			);
			path = Glowboard;
			sourceTree = "<group>";
		};
		040C4D2C77D4D41B4216EBB2 /* Resources */ = {
			isa = PBXGroup;
			children = (
				140B2A30EC27BA16FCFA5DBE /* Assets.xcassets */,
				50F741D0BBF7B3579304E01D /* FeedCatalog.json */,
				1D6D56DF9713DAD38192A0A1 /* Audio */,
				216AE06183FAF058D9BD07C4 /* Reference */,
			);
			path = Resources;
			sourceTree = "<group>";
		};
		0DB3AA04F0F891ADDD36CA16 /* Meadow */ = {
			isa = PBXGroup;
			children = (
				A69D78C33FF7AEE923D4E1F8 /* MeadowScene.swift */,
			);
			path = Meadow;
			sourceTree = "<group>";
		};
		1D6D56DF9713DAD38192A0A1 /* Audio */ = {
			isa = PBXGroup;
			children = (
				61C3E96B3624DB49C2E67412 /* Shared */,
				B50DFF66AA981C442F4F190A /* GlowWindow */,
				BA6E5445A3FF09CAE09A3548 /* Bubbles */,
				A12DBC8ACA08D002716B2D4F /* ClayBlocks */,
				7B493BEBE48816239DEB6000 /* FeedThePeople */,
			);
			path = Audio;
			sourceTree = "<group>";
		};
		61C3E96B3624DB49C2E67412 /* Shared */ = {
			isa = PBXGroup;
			children = (
			);
			path = Shared;
			sourceTree = "<group>";
		};
		1D85E56E388153438D1A24D6 /* Hum */ = {
			isa = PBXGroup;
			children = (
				99145E26E71C572A294BA3D0 /* HumObjectNode.swift */,
				169863754DAE241962DEEAF5 /* HumScene.swift */,
			);
			path = Hum;
			sourceTree = "<group>";
		};
		216AE06183FAF058D9BD07C4 /* Reference */ = {
			isa = PBXGroup;
			children = (
				7806BFFC285047AC306F9C25 /* onboarding-ref-1.png */,
				1298E617A8F19BE3959DAB15 /* onboarding-ref-2.png */,
				2AC69F3695C006BA94C7DB5A /* onboarding-ref-3.png */,
			);
			path = Reference;
			sourceTree = "<group>";
		};
		33CC0D4F7AA080E4EA0DE309 /* App */ = {
			isa = PBXGroup;
			children = (
				EF0E10435AAAEE7F271154A0 /* AppDelegate.swift */,
				71749BB9FBD9870D0461B640 /* Info.plist */,
				1EF42A559F32446CFF077442 /* LaunchScreen.storyboard */,
				EED052E13695FBCAE189BC67 /* PrivacyInfo.xcprivacy */,
				7ACC958DCE130C702EE8BB4A /* SceneDelegate.swift */,
				040C4D2C77D4D41B4216EBB2 /* Resources */,
				42CD8A3C408557464CC55C14 /* Shared */,
				F6E309230D0C6DCFA59D514D /* Toys */,
			);
			path = App;
			sourceTree = "<group>";
		};
		3413CBB052D387A2071C4500 /* Fold */ = {
			isa = PBXGroup;
			children = (
				D8ACA8F22A671CF32F5F02FF /* DoughScene.swift */,
			);
			path = Fold;
			sourceTree = "<group>";
		};
		42CD8A3C408557464CC55C14 /* Shared */ = {
			isa = PBXGroup;
			children = (
				9328D34742023F0A69BA1ADC /* AdultGate.swift */,
				825A8120071E7DF7C2919353 /* AmbientAnimator.swift */,
				4B74FDD070EBB63916565E6F /* AudioManager.swift */,
				E5ADCDAE2787F8BE141B6AB9 /* BaseToyScene.swift */,
				6761014B599297F2EDD817B5 /* CuteKit.swift */,
				AF5BB6BAAAC8DE8EBD829BB0 /* DraggableNode.swift */,
				2F71C44E16966954BEFEA6D1 /* ForgivingHitArea.swift */,
				BAA290C18E2AB579F8B323DA /* HapticScore.swift */,
				431D5AE16C6A4BBB92F35312 /* HapticsManager.swift */,
				93C5DAC08D377211FE13A999 /* HostPreviewScene.swift */,
				812D3226B3D2D6353C5A7850 /* LullDemoState.swift */,
				5A832146C28E5985E8A239B9 /* LullHostMarkView.swift */,
				2469EFC1D2D724DFC01408AB /* LullHostNode.swift */,
				14EB7FCCA1777AA59B3D68FE /* LullOnboardingViewController.swift */,
				617829023D34A290A22A62B7 /* LullToneEngine.swift */,
				B8D37056C1EF3D8C559538D6 /* ParentInfoViewController.swift */,
				AE66EEDCB1991BC20642D778 /* ParticleManager.swift */,
				C70EECF5B1FC4E4A65A4BCBF /* PaywallPreviewStrip.swift */,
				08ED9C47AB7832615DC9085E /* PhysicsCategory.swift */,
				53AC91E6813527B6F6460C5F /* ProceduralTexture.swift */,
				65FBB4E87AE44182463AC1FB /* TimeOfDay.swift */,
				3B8083BD98CD19819D789FEA /* TouchFeedbackAnimator.swift */,
				B204A3EEEA4F5CB25A3C9F10 /* ToyPhysicsProfile.swift */,
				A16110DF044505C1DDFBAEEB /* ToyRegistry.swift */,
				9747857BD889A6B1FB336A39 /* ToyShelfScene.swift */,
				04CAF64EE4E752F6FA9D085A /* ToyShelfViewController.swift */,
				46D3F3EF044ABAE3426CF608 /* ToyViewController.swift */,
				85F2964C81605A4B7C7B41F3 /* ToyZoomTransition.swift */,
				75335176A3A64BD46A567B5E /* WarmShelfLaunchScene.swift */,
				5C1F6E254A82D55F930BAC59 /* WarmShelfMotion.swift */,
				B5BD00B8E6CF6ED8DAAABE44 /* WarmShelfPalette.swift */,
			);
			path = Shared;
			sourceTree = "<group>";
		};
		50406E5E639F01F2DD66F97E /* MixUp */ = {
			isa = PBXGroup;
			children = (
				98AA7D8DE6EECD0A7CB3FA49 /* MixUpPart.swift */,
				54ED0D9D206B41E209DCE6E3 /* MixUpScene.swift */,
			);
			path = MixUp;
			sourceTree = "<group>";
		};
		7B493BEBE48816239DEB6000 /* FeedThePeople */ = {
			isa = PBXGroup;
			children = (
			);
			path = FeedThePeople;
			sourceTree = "<group>";
		};
		B50DFF66AA981C442F4F190A /* GlowWindow */ = {
			isa = PBXGroup;
			children = (
			);
			path = GlowWindow;
			sourceTree = "<group>";
		};
		91F1F2A08218BD6C6270BB93 /* Stack */ = {
			isa = PBXGroup;
			children = (
				1B8E2DE4231F0D41CA063FF5 /* StackPieceNode.swift */,
				F7753DDA6167C450EA936373 /* StackScene.swift */,
			);
			path = Stack;
			sourceTree = "<group>";
		};
		A12DBC8ACA08D002716B2D4F /* ClayBlocks */ = {
			isa = PBXGroup;
			children = (
			);
			path = ClayBlocks;
			sourceTree = "<group>";
		};
		A718EF8101F94FAB99DD3AED = {
			isa = PBXGroup;
			children = (
				33CC0D4F7AA080E4EA0DE309 /* App */,
				F4700DAD589C69A0363C6B7B /* Products */,
			);
			sourceTree = "<group>";
		};
		A7F8114DBD31B2660BDF1145 /* SleepyDropBox */ = {
			isa = PBXGroup;
			children = (
				259A5590D7198AF6CD9B0CEC /* DropBoxPieces.swift */,
				71007717634DFC15F919643D /* SleepyDropBoxScene.swift */,
			);
			path = SleepyDropBox;
			sourceTree = "<group>";
		};
		B47F8C1676472C3BCCC95278 /* ClayBlocks */ = {
			isa = PBXGroup;
			children = (
				0B885BA05D5AB12FC2C0E7CD /* ClayBlockKind.swift */,
				64FDEAAF7AC93380BF514916 /* ClayBlockNode.swift */,
				2BD0526FF1D0F76D25F018D7 /* ClayBlockScene.swift */,
			);
			path = ClayBlocks;
			sourceTree = "<group>";
		};
		BA6E5445A3FF09CAE09A3548 /* Bubbles */ = {
			isa = PBXGroup;
			children = (
			);
			path = Bubbles;
			sourceTree = "<group>";
		};
		C6992D64EBA837AF8025C926 /* Bubbles */ = {
			isa = PBXGroup;
			children = (
				D2558131B010F9FB245280CF /* BubbleNode.swift */,
				9B2DC2B914AF82DF0B7DCBF3 /* BubbleScene.swift */,
				2A4506864CDD2A99A83009B3 /* BubbleStyle.swift */,
			);
			path = Bubbles;
			sourceTree = "<group>";
		};
		D222DD4492FA5EBCFABEBC3C /* Bloom */ = {
			isa = PBXGroup;
			children = (
				C2C12CF3034744738739414E /* BloomBiome.swift */,
				E63430DA003EBF43FF63E00D /* BloomFeatureNode.swift */,
				2C2295D41B7453EB7F0414DD /* BloomNode.swift */,
				5EB8DB3AFBD60AD03FC6500B /* BloomScene.swift */,
				525E0AB85D2F0F6409B74B29 /* GardenCritterNode.swift */,
			);
			path = Bloom;
			sourceTree = "<group>";
		};
		E3AA52BD9C1C567F96CE2F3B /* DropDots */ = {
			isa = PBXGroup;
			children = (
				F2B942D594A2F160FF3006FE /* DropDotsScene.swift */,
			);
			path = DropDots;
			sourceTree = "<group>";
		};
		ECFAE0A669B12DBA65C2F85D /* Current */ = {
			isa = PBXGroup;
			children = (
				ED656E1B4869965DBCEAD72D /* CurrentScene.swift */,
				A4AB698868AD4148491DFF1E /* LeafNode.swift */,
				109432A1DD35C753236AFA68 /* WaterCreatureNode.swift */,
			);
			path = Current;
			sourceTree = "<group>";
		};
		F0ED0A14C7105C539CECA425 /* FeedThePeople */ = {
			isa = PBXGroup;
			children = (
				3045027AA8CD923441EEBE17 /* CharacterNode.swift */,
				4DB313EB22B5D970E45A3A4B /* FeedScene.swift */,
				C24A6A4428FC60119104FBA6 /* FoodNode.swift */,
			);
			path = FeedThePeople;
			sourceTree = "<group>";
		};
		F4700DAD589C69A0363C6B7B /* Products */ = {
			isa = PBXGroup;
			children = (
				6F40249E393C00D6191A73D1 /* Lull.app */,
			);
			name = Products;
			sourceTree = "<group>";
		};
		F6E309230D0C6DCFA59D514D /* Toys */ = {
			isa = PBXGroup;
			children = (
				D2C7F998CD49E3D2FF180D34 /* Wash */,
				D222DD4492FA5EBCFABEBC3C /* Bloom */,
				C6992D64EBA837AF8025C926 /* Bubbles */,
				B47F8C1676472C3BCCC95278 /* ClayBlocks */,
				ECFAE0A669B12DBA65C2F85D /* Current */,
				E3AA52BD9C1C567F96CE2F3B /* DropDots */,
				F0ED0A14C7105C539CECA425 /* FeedThePeople */,
				3413CBB052D387A2071C4500 /* Fold */,
				006B0451C6D2D6DBAEF795F0 /* Glowboard */,
				FD9CBDFBCBF8BA90AACA9166 /* GlowWindow */,
				1D85E56E388153438D1A24D6 /* Hum */,
				0DB3AA04F0F891ADDD36CA16 /* Meadow */,
				50406E5E639F01F2DD66F97E /* MixUp */,
				A7F8114DBD31B2660BDF1145 /* SleepyDropBox */,
				F81EB1569A20E14E16880E84 /* SoftDrop */,
				91F1F2A08218BD6C6270BB93 /* Stack */,
			);
			path = Toys;
			sourceTree = "<group>";
		};
		F81EB1569A20E14E16880E84 /* SoftDrop */ = {
			isa = PBXGroup;
			children = (
				C33CD378C3D483B2D0F22479 /* SoftDropPieceNode.swift */,
				5B0EB29D1942D4D0A48FDD19 /* SoftDropScene.swift */,
			);
			path = SoftDrop;
			sourceTree = "<group>";
		};
		FD9CBDFBCBF8BA90AACA9166 /* GlowWindow */ = {
			isa = PBXGroup;
			children = (
				B84313450038A044EE4AC947 /* GlowWindowScene.swift */,
			);
			path = GlowWindow;
			sourceTree = "<group>";
		};
/* End PBXGroup section */

/* Begin PBXNativeTarget section */
		913FDFB167D77578D6628079 /* Lull */ = {
			isa = PBXNativeTarget;
			buildConfigurationList = 20A36241E5A6F0A2AAD6CCA2 /* Build configuration list for PBXNativeTarget "Lull" */;
			buildPhases = (
				6A5F776AA51C7C8B60204512 /* Refresh Feed catalog */,
				2A9AF1297D4A465E9C64559D /* Sources */,
				2F32AA108EA42C7336F06542 /* Resources */,
			);
			buildRules = (
			);
			dependencies = (
			);
			name = Lull;
			packageProductDependencies = (
			);
			productName = Lull;
			productReference = 6F40249E393C00D6191A73D1 /* Lull.app */;
			productType = "com.apple.product-type.application";
		};
/* End PBXNativeTarget section */

/* Begin PBXProject section */
		BC1489B8F5E914D227BD800C /* Project object */ = {
			isa = PBXProject;
			attributes = {
				BuildIndependentTargetsInParallel = YES;
				LastUpgradeCheck = 1430;
			};
			buildConfigurationList = 6D3034169078C66DC0E3C930 /* Build configuration list for PBXProject "Lull" */;
			compatibilityVersion = "Xcode 14.0";
			developmentRegion = en;
			hasScannedForEncodings = 0;
			knownRegions = (
				Base,
				en,
			);
			mainGroup = A718EF8101F94FAB99DD3AED;
			minimizedProjectReferenceProxies = 1;
			projectDirPath = "";
			projectRoot = "";
			targets = (
				913FDFB167D77578D6628079 /* Lull */,
			);
		};
/* End PBXProject section */

/* Begin PBXResourcesBuildPhase section */
		2F32AA108EA42C7336F06542 /* Resources */ = {
			isa = PBXResourcesBuildPhase;
			buildActionMask = 2147483647;
			files = (
				BC224731F5BBCF8A27D96111 /* Assets.xcassets in Resources */,
				6A1CCAA26CBE11CF9CF564FB /* FeedCatalog.json in Resources */,
				800C218A40A0A36DEB58BADA /* LaunchScreen.storyboard in Resources */,
				82F4E4E60ADD9D6D64C48059 /* PrivacyInfo.xcprivacy in Resources */,
				327DCF555326E4240A6BA6F6 /* onboarding-ref-1.png in Resources */,
				71C86247732047506F2BA83D /* onboarding-ref-2.png in Resources */,
				D3D6236EF9394FF6F65DFFB2 /* onboarding-ref-3.png in Resources */,
			);
			runOnlyForDeploymentPostprocessing = 0;
		};
/* End PBXResourcesBuildPhase section */

/* Begin PBXShellScriptBuildPhase section */
		6A5F776AA51C7C8B60204512 /* Refresh Feed catalog */ = {
			isa = PBXShellScriptBuildPhase;
			alwaysOutOfDate = 1;
			buildActionMask = 2147483647;
			files = (
			);
			inputFileListPaths = (
			);
			inputPaths = (
				"$(SRCROOT)/Tools/refresh_feed_catalog.py",
				"$(SRCROOT)/App/Resources/Assets.xcassets",
			);
			name = "Refresh Feed catalog";
			outputFileListPaths = (
			);
			outputPaths = (
				"$(SRCROOT)/App/Resources/FeedCatalog.json",
			);
			runOnlyForDeploymentPostprocessing = 0;
			shellPath = /bin/sh;
			shellScript = "python3 \"$SRCROOT/Tools/refresh_feed_catalog.py\"\n";
		};
/* End PBXShellScriptBuildPhase section */

/* Begin PBXSourcesBuildPhase section */
		2A9AF1297D4A465E9C64559D /* Sources */ = {
			isa = PBXSourcesBuildPhase;
			buildActionMask = 2147483647;
			files = (
				FA0055FF796C86B767E38F97 /* WashModel.swift in Sources */,
				7BBC475313E3F3CD1DE92A28 /* WashScene.swift in Sources */,
				2AF346BFB4E7AA1E8E592363 /* AdultGate.swift in Sources */,
				F63198BBC916269C96ACD48F /* AmbientAnimator.swift in Sources */,
				69B041723E052738B7107957 /* AppDelegate.swift in Sources */,
				F6B25CE4AA7DB14C9EA09BF8 /* AudioManager.swift in Sources */,
				85764661B10DAB51FD4F9025 /* BaseToyScene.swift in Sources */,
				F40C786FACCC43A34FE4CF26 /* BloomBiome.swift in Sources */,
				99FDE45F32DFD66AE0E14542 /* BloomFeatureNode.swift in Sources */,
				9F039D53698B2DB622C4177A /* BloomNode.swift in Sources */,
				24A741C91D4A1BFC4E959604 /* BloomScene.swift in Sources */,
				5F7DEE32C1027ABE34701A89 /* BubbleNode.swift in Sources */,
				C3B887A9D4B5611B4F0B78F5 /* BubbleScene.swift in Sources */,
				DB5469DC55E67BA088969BB7 /* BubbleStyle.swift in Sources */,
				3171CB5125339BE39F71C019 /* CharacterNode.swift in Sources */,
				5360966858FBC7913958DD7A /* ClayBlockKind.swift in Sources */,
				00972C35E5AE9D6074628727 /* ClayBlockNode.swift in Sources */,
				EF915C9FD236C700BDDFC298 /* ClayBlockScene.swift in Sources */,
				A55C4A63C37B7BBE80B5AD3B /* CurrentScene.swift in Sources */,
				8A4598CBA73CFB5D0486DB1C /* CuteKit.swift in Sources */,
				422F5B6DC0D7773FAF66C9D7 /* DoughScene.swift in Sources */,
				03A012C22EAF5D97FF8B5EB5 /* DraggableNode.swift in Sources */,
				DA67FA01F576EED2739CEF62 /* DropBoxPieces.swift in Sources */,
				8784FAF04145A7E42F32617C /* DropDotsScene.swift in Sources */,
				4F89A2A6AB13BAE92083C119 /* FeedScene.swift in Sources */,
				5759052D2903F70429242F15 /* FoodNode.swift in Sources */,
				1C53377DE376CDFF0A5ADF57 /* ForgivingHitArea.swift in Sources */,
				C0B9F7B74E31CBC99DA0FD89 /* GardenCritterNode.swift in Sources */,
				CA2384C37C2531DECC231823 /* GlowWindowScene.swift in Sources */,
				5F6F44A1FE36E5BD6BCFB103 /* GlowWorldNode.swift in Sources */,
				807427E03AD2976FCC42200A /* GlowboardControls.swift in Sources */,
				09AFF784A5179B8715A2B667 /* GlowboardScene.swift in Sources */,
				F18470B952A91C36F3606D3C /* HapticScore.swift in Sources */,
				1961BD82991D29A1E49F506E /* HapticsManager.swift in Sources */,
				FAA16EFC07FAA05D95886AE1 /* HostPreviewScene.swift in Sources */,
				6980624525862317406EA3AA /* HumObjectNode.swift in Sources */,
				7CB75205BE528CDAD6154530 /* HumScene.swift in Sources */,
				9B15140DF38629414BE61399 /* LeafNode.swift in Sources */,
				BAA958B1BF33421EC14F2CE4 /* LullDemoState.swift in Sources */,
				8AE70E5952DDC3BDCF9254B7 /* LullHostMarkView.swift in Sources */,
				574673DC3DBD28E1B943F94C /* LullHostNode.swift in Sources */,
				0C785FA5C83000D952E9092D /* LullOnboardingViewController.swift in Sources */,
				4678222AD3993CA4F37C4E41 /* LullToneEngine.swift in Sources */,
				D61B2174011152786A8516B6 /* MeadowScene.swift in Sources */,
				49C4352487D4B266BEA5B9C4 /* MixUpPart.swift in Sources */,
				5D7D861C26925AF67F4CEC37 /* MixUpScene.swift in Sources */,
				BA5CBD09B44FCB5020242C90 /* ParentInfoViewController.swift in Sources */,
				EAD07BAFB5085D7C9EE6D69F /* ParticleManager.swift in Sources */,
				91D4D2FFFA0740738EE6BDA7 /* PaywallPreviewStrip.swift in Sources */,
				9C70FDC91C49102BD0AA1532 /* PhysicsCategory.swift in Sources */,
				ECEA370784DAF98475A9DA55 /* ProceduralTexture.swift in Sources */,
				C11940A90829F33E2652A975 /* SceneDelegate.swift in Sources */,
				F7301A400BB95CE7F0C55CD8 /* SleepyDropBoxScene.swift in Sources */,
				0933BE57DC40AE3930FF3FAE /* SoftDropPieceNode.swift in Sources */,
				7ADEF8E4AA6DC177A8928FB9 /* SoftDropScene.swift in Sources */,
				934E465E38E9C4AAAA97F4CB /* StackPieceNode.swift in Sources */,
				83AE56346BF7F7398F3AEF45 /* StackScene.swift in Sources */,
				DD1F512DA1D842273FA812E6 /* TimeOfDay.swift in Sources */,
				C487B5034E672D12B597B4A9 /* TouchFeedbackAnimator.swift in Sources */,
				4BEAE1C47BF1473C56A86B80 /* ToyPhysicsProfile.swift in Sources */,
				428C0F20A669DC3CD4536C1F /* ToyRegistry.swift in Sources */,
				4C07D30EF12F5829566C0398 /* ToyShelfScene.swift in Sources */,
				34D09337476CEE624C25E7CF /* ToyShelfViewController.swift in Sources */,
				B968696957133B35C32F6ADB /* ToyViewController.swift in Sources */,
				4D94A537CFA9436A5C9B9D80 /* ToyZoomTransition.swift in Sources */,
				303AF16125D618559F145E3F /* WarmShelfLaunchScene.swift in Sources */,
				0A42F7EA587E5579679F503A /* WarmShelfMotion.swift in Sources */,
				BB70819889D2EE3E9FEC21AE /* WarmShelfPalette.swift in Sources */,
				DE108869353BD634CF8E0C61 /* WaterCreatureNode.swift in Sources */,
			);
			runOnlyForDeploymentPostprocessing = 0;
		};
/* End PBXSourcesBuildPhase section */

/* Begin XCBuildConfiguration section */
		159E6EEC45C25BB7282FFC0C /* Release */ = {
			isa = XCBuildConfiguration;
			buildSettings = {
				ASSETCATALOG_COMPILER_APPICON_NAME = AppIcon;
				CODE_SIGN_IDENTITY = "iPhone Developer";
				CURRENT_PROJECT_VERSION = 8;
				DEVELOPMENT_TEAM = A5CT5FK3SY;
				GENERATE_INFOPLIST_FILE = NO;
				INFOPLIST_FILE = App/Info.plist;
				LD_RUNPATH_SEARCH_PATHS = (
					"$(inherited)",
					"@executable_path/Frameworks",
				);
				PRODUCT_BUNDLE_IDENTIFIER = com.lull.toybox.a5ct5fk3sy;
				MARKETING_VERSION = 1.0;
				PRODUCT_NAME = Lull;
				SDKROOT = iphoneos;
				SUPPORTED_INTERFACE_ORIENTATIONS = "UIInterfaceOrientationPortrait UIInterfaceOrientationLandscapeLeft UIInterfaceOrientationLandscapeRight";
				SUPPORTED_INTERFACE_ORIENTATIONS_IPAD = "UIInterfaceOrientationPortrait UIInterfaceOrientationPortraitUpsideDown UIInterfaceOrientationLandscapeLeft UIInterfaceOrientationLandscapeRight";
				TARGETED_DEVICE_FAMILY = "1,2";
			};
			name = Release;
		};
		1A515D6BD5E384BADE27C470 /* Release */ = {
			isa = XCBuildConfiguration;
			buildSettings = {
				ALWAYS_SEARCH_USER_PATHS = NO;
				ASSETCATALOG_COMPILER_APPICON_NAME = AppIcon;
				CLANG_ANALYZER_NONNULL = YES;
				CLANG_ANALYZER_NUMBER_OBJECT_CONVERSION = YES_AGGRESSIVE;
				CLANG_CXX_LANGUAGE_STANDARD = "gnu++14";
				CLANG_CXX_LIBRARY = "libc++";
				CLANG_ENABLE_MODULES = YES;
				CLANG_ENABLE_OBJC_ARC = YES;
				CLANG_ENABLE_OBJC_WEAK = YES;
				CLANG_WARN_BLOCK_CAPTURE_AUTORELEASING = YES;
				CLANG_WARN_BOOL_CONVERSION = YES;
				CLANG_WARN_COMMA = YES;
				CLANG_WARN_CONSTANT_CONVERSION = YES;
				CLANG_WARN_DEPRECATED_OBJC_IMPLEMENTATIONS = YES;
				CLANG_WARN_DIRECT_OBJC_ISA_USAGE = YES_ERROR;
				CLANG_WARN_DOCUMENTATION_COMMENTS = YES;
				CLANG_WARN_EMPTY_BODY = YES;
				CLANG_WARN_ENUM_CONVERSION = YES;
				CLANG_WARN_INFINITE_RECURSION = YES;
				CLANG_WARN_INT_CONVERSION = YES;
				CLANG_WARN_NON_LITERAL_NULL_CONVERSION = YES;
				CLANG_WARN_OBJC_IMPLICIT_RETAIN_SELF = YES;
				CLANG_WARN_OBJC_LITERAL_CONVERSION = YES;
				CLANG_WARN_OBJC_ROOT_CLASS = YES_ERROR;
				CLANG_WARN_QUOTED_INCLUDE_IN_FRAMEWORK_HEADER = YES;
				CLANG_WARN_RANGE_LOOP_ANALYSIS = YES;
				CLANG_WARN_STRICT_PROTOTYPES = YES;
				CLANG_WARN_SUSPICIOUS_MOVE = YES;
				CLANG_WARN_UNGUARDED_AVAILABILITY = YES_AGGRESSIVE;
				CLANG_WARN_UNREACHABLE_CODE = YES;
				CLANG_WARN__DUPLICATE_METHOD_MATCH = YES;
				COPY_PHASE_STRIP = NO;
				DEBUG_INFORMATION_FORMAT = "dwarf-with-dsym";
				ENABLE_NS_ASSERTIONS = NO;
				ENABLE_STRICT_OBJC_MSGSEND = YES;
				GCC_C_LANGUAGE_STANDARD = gnu11;
				GCC_NO_COMMON_BLOCKS = YES;
				GCC_WARN_64_TO_32_BIT_CONVERSION = YES;
				GCC_WARN_ABOUT_RETURN_TYPE = YES_ERROR;
				GCC_WARN_UNDECLARED_SELECTOR = YES;
				GCC_WARN_UNINITIALIZED_AUTOS = YES_AGGRESSIVE;
				GCC_WARN_UNUSED_FUNCTION = YES;
				GCC_WARN_UNUSED_VARIABLE = YES;
				IPHONEOS_DEPLOYMENT_TARGET = 16.0;
				MTL_ENABLE_DEBUG_INFO = NO;
				MTL_FAST_MATH = YES;
				PRODUCT_NAME = "$(TARGET_NAME)";
				SDKROOT = iphoneos;
				SWIFT_COMPILATION_MODE = wholemodule;
				SWIFT_OPTIMIZATION_LEVEL = "-O";
				SWIFT_VERSION = 5.9;
				TARGETED_DEVICE_FAMILY = "1,2";
			};
			name = Release;
		};
		9A35974462947B5EE070D7D6 /* Debug */ = {
			isa = XCBuildConfiguration;
			buildSettings = {
				ALWAYS_SEARCH_USER_PATHS = NO;
				ASSETCATALOG_COMPILER_APPICON_NAME = AppIcon;
				CLANG_ANALYZER_NONNULL = YES;
				CLANG_ANALYZER_NUMBER_OBJECT_CONVERSION = YES_AGGRESSIVE;
				CLANG_CXX_LANGUAGE_STANDARD = "gnu++14";
				CLANG_CXX_LIBRARY = "libc++";
				CLANG_ENABLE_MODULES = YES;
				CLANG_ENABLE_OBJC_ARC = YES;
				CLANG_ENABLE_OBJC_WEAK = YES;
				CLANG_WARN_BLOCK_CAPTURE_AUTORELEASING = YES;
				CLANG_WARN_BOOL_CONVERSION = YES;
				CLANG_WARN_COMMA = YES;
				CLANG_WARN_CONSTANT_CONVERSION = YES;
				CLANG_WARN_DEPRECATED_OBJC_IMPLEMENTATIONS = YES;
				CLANG_WARN_DIRECT_OBJC_ISA_USAGE = YES_ERROR;
				CLANG_WARN_DOCUMENTATION_COMMENTS = YES;
				CLANG_WARN_EMPTY_BODY = YES;
				CLANG_WARN_ENUM_CONVERSION = YES;
				CLANG_WARN_INFINITE_RECURSION = YES;
				CLANG_WARN_INT_CONVERSION = YES;
				CLANG_WARN_NON_LITERAL_NULL_CONVERSION = YES;
				CLANG_WARN_OBJC_IMPLICIT_RETAIN_SELF = YES;
				CLANG_WARN_OBJC_LITERAL_CONVERSION = YES;
				CLANG_WARN_OBJC_ROOT_CLASS = YES_ERROR;
				CLANG_WARN_QUOTED_INCLUDE_IN_FRAMEWORK_HEADER = YES;
				CLANG_WARN_RANGE_LOOP_ANALYSIS = YES;
				CLANG_WARN_STRICT_PROTOTYPES = YES;
				CLANG_WARN_SUSPICIOUS_MOVE = YES;
				CLANG_WARN_UNGUARDED_AVAILABILITY = YES_AGGRESSIVE;
				CLANG_WARN_UNREACHABLE_CODE = YES;
				CLANG_WARN__DUPLICATE_METHOD_MATCH = YES;
				COPY_PHASE_STRIP = NO;
				DEBUG_INFORMATION_FORMAT = dwarf;
				ENABLE_STRICT_OBJC_MSGSEND = YES;
				ENABLE_TESTABILITY = YES;
				GCC_C_LANGUAGE_STANDARD = gnu11;
				GCC_DYNAMIC_NO_PIC = NO;
				GCC_NO_COMMON_BLOCKS = YES;
				GCC_OPTIMIZATION_LEVEL = 0;
				GCC_PREPROCESSOR_DEFINITIONS = (
					"$(inherited)",
					"DEBUG=1",
				);
				GCC_WARN_64_TO_32_BIT_CONVERSION = YES;
				GCC_WARN_ABOUT_RETURN_TYPE = YES_ERROR;
				GCC_WARN_UNDECLARED_SELECTOR = YES;
				GCC_WARN_UNINITIALIZED_AUTOS = YES_AGGRESSIVE;
				GCC_WARN_UNUSED_FUNCTION = YES;
				GCC_WARN_UNUSED_VARIABLE = YES;
				IPHONEOS_DEPLOYMENT_TARGET = 16.0;
				MTL_ENABLE_DEBUG_INFO = INCLUDE_SOURCE;
				MTL_FAST_MATH = YES;
				ONLY_ACTIVE_ARCH = YES;
				PRODUCT_NAME = "$(TARGET_NAME)";
				SDKROOT = iphoneos;
				SWIFT_ACTIVE_COMPILATION_CONDITIONS = DEBUG;
				SWIFT_OPTIMIZATION_LEVEL = "-Onone";
				SWIFT_VERSION = 5.9;
				TARGETED_DEVICE_FAMILY = "1,2";
			};
			name = Debug;
		};
		C1F15F60D71A626126066DDA /* Debug */ = {
			isa = XCBuildConfiguration;
			buildSettings = {
				ASSETCATALOG_COMPILER_APPICON_NAME = AppIcon;
				CODE_SIGN_IDENTITY = "iPhone Developer";
				CURRENT_PROJECT_VERSION = 8;
				DEVELOPMENT_TEAM = A5CT5FK3SY;
				GENERATE_INFOPLIST_FILE = NO;
				INFOPLIST_FILE = App/Info.plist;
				LD_RUNPATH_SEARCH_PATHS = (
					"$(inherited)",
					"@executable_path/Frameworks",
				);
				PRODUCT_BUNDLE_IDENTIFIER = com.lull.toybox.a5ct5fk3sy;
				MARKETING_VERSION = 1.0;
				PRODUCT_NAME = Lull;
				SDKROOT = iphoneos;
				SUPPORTED_INTERFACE_ORIENTATIONS = "UIInterfaceOrientationPortrait UIInterfaceOrientationLandscapeLeft UIInterfaceOrientationLandscapeRight";
				SUPPORTED_INTERFACE_ORIENTATIONS_IPAD = "UIInterfaceOrientationPortrait UIInterfaceOrientationPortraitUpsideDown UIInterfaceOrientationLandscapeLeft UIInterfaceOrientationLandscapeRight";
				TARGETED_DEVICE_FAMILY = "1,2";
			};
			name = Debug;
		};
/* End XCBuildConfiguration section */

/* Begin XCConfigurationList section */
		20A36241E5A6F0A2AAD6CCA2 /* Build configuration list for PBXNativeTarget "Lull" */ = {
			isa = XCConfigurationList;
			buildConfigurations = (
				C1F15F60D71A626126066DDA /* Debug */,
				159E6EEC45C25BB7282FFC0C /* Release */,
			);
			defaultConfigurationIsVisible = 0;
			defaultConfigurationName = Debug;
		};
		6D3034169078C66DC0E3C930 /* Build configuration list for PBXProject "Lull" */ = {
			isa = XCConfigurationList;
			buildConfigurations = (
				9A35974462947B5EE070D7D6 /* Debug */,
				1A515D6BD5E384BADE27C470 /* Release */,
			);
			defaultConfigurationIsVisible = 0;
			defaultConfigurationName = Debug;
		};
/* End XCConfigurationList section */
	};
	rootObject = BC1489B8F5E914D227BD800C /* Project object */;
}
